// !$*UTF8*$!
{
	archiveVersion = 1;
	classes = {
	};
	objectVersion = 56;
	objects = {

/* Begin PBXBuildFile section */
		9C9B6ED52B148F0B00CF6794 /* AppDelegate.swift in Sources */ = {isa = PBXBuildFile; fileRef = 9C9B6ED42B148F0B00CF6794 /* AppDelegate.swift */; };
		9C9B6ED72B148F0B00CF6794 /* SceneDelegate.swift in Sources */ = {isa = PBXBuildFile; fileRef = 9C9B6ED62B148F0B00CF6794 /* SceneDelegate.swift */; };
		9C9B6EDC2B148F0B00CF6794 /* Main.storyboard in Resources */ = {isa = PBXBuildFile; fileRef = 9C9B6EDA2B148F0B00CF6794 /* Main.storyboard */; };
		9C9B6EDE2B148F0C00CF6794 /* Assets.xcassets in Resources */ = {isa = PBXBuildFile; fileRef = 9C9B6EDD2B148F0C00CF6794 /* Assets.xcassets */; };
		9C9B6EE12B148F0C00CF6794 /* LaunchScreen.storyboard in Resources */ = {isa = PBXBuildFile; fileRef = 9C9B6EDF2B148F0C00CF6794 /* LaunchScreen.storyboard */; };
		9C9B6EE92B14FCD000CF6794 /* MultiplicationTableViewController.swift in Sources */ = {isa = PBXBuildFile; fileRef = 9C9B6EE82B14FCD000CF6794 /* MultiplicationTableViewController.swift */; };
		9C9B6EED2B1593DF00CF6794 /* applerowViewController.swift in Sources */ = {isa = PBXBuildFile; fileRef = 9C9B6EEC2B1593DF00CF6794 /* applerowViewController.swift */; };
		9CC964712B187617008CCBE5 /* arrayLoopViewController.swift in Sources */ = {isa = PBXBuildFile; fileRef = 9CC964702B187617008CCBE5 /* arrayLoopViewController.swift */; };
		9CC964732B1A438E008CCBE5 /* chessBoardViewController.swift in Sources */ = {isa = PBXBuildFile; fileRef = 9CC964722B1A438E008CCBE5 /* chessBoardViewController.swift */; };
/* End PBXBuildFile section */

/* Begin PBXFileReference section */
		9C9B6ED12B148F0B00CF6794 /* loopPratice.app */ = {isa = PBXFileReference; explicitFileType = wrapper.application; includeInIndex = 0; path = loopPratice.app; sourceTree = BUILT_PRODUCTS_DIR; };
		9C9B6ED42B148F0B00CF6794 /* AppDelegate.swift */ = {isa = PBXFileReference; lastKnownFileType = sourcecode.swift; path = AppDelegate.swift; sourceTree = "<group>"; };
		9C9B6ED62B148F0B00CF6794 /* SceneDelegate.swift */ = {isa = PBXFileReference; lastKnownFileType = sourcecode.swift; path = SceneDelegate.swift; sourceTree = "<group>"; };
		9C9B6EDB2B148F0B00CF6794 /* Base */ = {isa = PBXFileReference; lastKnownFileType = file.storyboard; name = Base; path = Base.lproj/Main.storyboard; sourceTree = "<group>"; };
		9C9B6EDD2B148F0C00CF6794 /* Assets.xcassets */ = {isa = PBXFileReference; lastKnownFileType = folder.assetcatalog; path = Assets.xcassets; sourceTree = "<group>"; };
		9C9B6EE02B148F0C00CF6794 /* Base */ = {isa = PBXFileReference; lastKnownFileType = file.storyboard; name = Base; path = Base.lproj/LaunchScreen.storyboard; sourceTree = "<group>"; };
		9C9B6EE22B148F0C00CF6794 /* Info.plist */ = {isa = PBXFileReference; lastKnownFileType = text.plist.xml; path = Info.plist; sourceTree = "<group>"; };
		9C9B6EE82B14FCD000CF6794 /* MultiplicationTableViewController.swift */ = {isa = PBXFileReference; lastKnownFileType = sourcecode.swift; path = MultiplicationTableViewController.swift; sourceTree = "<group>"; };
		9C9B6EEC2B1593DF00CF6794 /* applerowViewController.swift */ = {isa = PBXFileReference; lastKnownFileType = sourcecode.swift; path = applerowViewController.swift; sourceTree = "<group>"; };
		9CC964702B187617008CCBE5 /* arrayLoopViewController.swift */ = {isa = PBXFileReference; lastKnownFileType = sourcecode.swift; path = arrayLoopViewController.swift; sourceTree = "<group>"; };
		9CC964722B1A438E008CCBE5 /* chessBoardViewController.swift */ = {isa = PBXFileReference; lastKnownFileType = sourcecode.swift; path = chessBoardViewController.swift; sourceTree = "<group>"; };
/* End PBXFileReference section */

/* Begin PBXFrameworksBuildPhase section */
		9C9B6ECE2B148F0A00CF6794 /* Frameworks */ = {
			isa = PBXFrameworksBuildPhase;
			buildActionMask = 2147483647;
			files = (
			);
			runOnlyForDeploymentPostprocessing = 0;
		};
/* End PBXFrameworksBuildPhase section */

/* Begin PBXGroup section */
		9C9B6EC82B148F0A00CF6794 = {
			isa = PBXGroup;
			children = (
				9C9B6ED32B148F0B00CF6794 /* loopPratice */,
				9C9B6ED22B148F0B00CF6794 /* Products */,
			);
			sourceTree = "<group>";
		};
		9C9B6ED22B148F0B00CF6794 /* Products */ = {
			isa = PBXGroup;
			children = (
				9C9B6ED12B148F0B00CF6794 /* loopPratice.app */,
			);
			name = Products;
			sourceTree = "<group>";
		};
		9C9B6ED32B148F0B00CF6794 /* loopPratice */ = {
			isa = PBXGroup;
			children = (
				9C9B6ED42B148F0B00CF6794 /* AppDelegate.swift */,
				9C9B6ED62B148F0B00CF6794 /* SceneDelegate.swift */,
				9C9B6EDA2B148F0B00CF6794 /* Main.storyboard */,
				9CC964722B1A438E008CCBE5 /* chessBoardViewController.swift */,
				9CC964702B187617008CCBE5 /* arrayLoopViewController.swift */,
				9C9B6EEC2B1593DF00CF6794 /* applerowViewController.swift */,
				9C9B6EE82B14FCD000CF6794 /* MultiplicationTableViewController.swift */,
				9C9B6EDD2B148F0C00CF6794 /* Assets.xcassets */,
				9C9B6EDF2B148F0C00CF6794 /* LaunchScreen.storyboard */,
				9C9B6EE22B148F0C00CF6794 /* Info.plist */,
			);
			path = loopPratice;
			sourceTree = "<group>";
		};
/* End PBXGroup section */

/* Begin PBXNativeTarget section */
		9C9B6ED02B148F0A00CF6794 /* loopPratice */ = {
			isa = PBXNativeTarget;
			buildConfigurationList = 9C9B6EE52B148F0C00CF6794 /* Build configuration list for PBXNativeTarget "loopPratice" */;
			buildPhases = (
				9C9B6ECD2B148F0A00CF6794 /* Sources */,
				9C9B6ECE2B148F0A00CF6794 /* Frameworks */,
				9C9B6ECF2B148F0A00CF6794 /* Resources */,
			);
			buildRules = (
			);
			dependencies = (
			);
			name = loopPratice;
			productName = loopPratice;
			productReference = 9C9B6ED12B148F0B00CF6794 /* loopPratice.app */;
			productType = "com.apple.product-type.application";
		};
/* End PBXNativeTarget section */

/* Begin PBXProject section */
		9C9B6EC92B148F0A00CF6794 /* Project object */ = {
			isa = PBXProject;
			attributes = {
				BuildIndependentTargetsInParallel = 1;
				LastSwiftUpdateCheck = 1500;
				LastUpgradeCheck = 1500;
				TargetAttributes = {
					9C9B6ED02B148F0A00CF6794 = {
						CreatedOnToolsVersion = 15.0;
					};
				};
			};
			buildConfigurationList = 9C9B6ECC2B148F0A00CF6794 /* Build configuration list for PBXProject "loopPratice" */;
			compatibilityVersion = "Xcode 14.0";
			developmentRegion = en;
			hasScannedForEncodings = 0;
			knownRegions = (
				en,
				Base,
			);
			mainGroup = 9C9B6EC82B148F0A00CF6794;
			productRefGroup = 9C9B6ED22B148F0B00CF6794 /* Products */;
			projectDirPath = "";
			projectRoot = "";
			targets = (
				9C9B6ED02B148F0A00CF6794 /* loopPratice */,
			);
		};
/* End PBXProject section */

/* Begin PBXResourcesBuildPhase section */
		9C9B6ECF2B148F0A00CF6794 /* Resources */ = {
			isa = PBXResourcesBuildPhase;
			buildActionMask = 2147483647;
			files = (
				9C9B6EE12B148F0C00CF6794 /* LaunchScreen.storyboard in Resources */,
				9C9B6EDE2B148F0C00CF6794 /* Assets.xcassets in Resources */,
				9C9B6EDC2B148F0B00CF6794 /* Main.storyboard in Resources */,
			);
			runOnlyForDeploymentPostprocessing = 0;
		};
/* End PBXResourcesBuildPhase section */

/* Begin PBXSourcesBuildPhase section */
		9C9B6ECD2B148F0A00CF6794 /* Sources */ = {
			isa = PBXSourcesBuildPhase;
			buildActionMask = 2147483647;
			files = (
				9C9B6EED2B1593DF00CF6794 /* applerowViewController.swift in Sources */,
				9CC964712B187617008CCBE5 /* arrayLoopViewController.swift in Sources */,
				9C9B6EE92B14FCD000CF6794 /* MultiplicationTableViewController.swift in Sources */,
				9C9B6ED52B148F0B00CF6794 /* AppDelegate.swift in Sources */,
				9CC964732B1A438E008CCBE5 /* chessBoardViewController.swift in Sources */,
				9C9B6ED72B148F0B00CF6794 /* SceneDelegate.swift in Sources */,
			);
			runOnlyForDeploymentPostprocessing = 0;
		};
/* End PBXSourcesBuildPhase section */

/* Begin PBXVariantGroup section */
		9C9B6EDA2B148F0B00CF6794 /* Main.storyboard */ = {
			isa = PBXVariantGroup;
			children = (
				9C9B6EDB2B148F0B00CF6794 /* Base */,
			);
			name = Main.storyboard;
			sourceTree = "<group>";
		};
		9C9B6EDF2B148F0C00CF6794 /* LaunchScreen.storyboard */ = {
			isa = PBXVariantGroup;
			children = (
				9C9B6EE02B148F0C00CF6794 /* Base */,
			);
			name = LaunchScreen.storyboard;
			sourceTree = "<group>";
		};
/* End PBXVariantGroup section */

/* Begin XCBuildConfiguration section */
		9C9B6EE32B148F0C00CF6794 /* Debug */ = {
			isa = XCBuildConfiguration;
			buildSettings = {
				ALWAYS_SEARCH_USER_PATHS = NO;
				ASSETCATALOG_COMPILER_GENERATE_SWIFT_ASSET_SYMBOL_EXTENSIONS = YES;
				CLANG_ANALYZER_NONNULL = YES;
				CLANG_ANALYZER_NUMBER_OBJECT_CONVERSION = YES_AGGRESSIVE;
				CLANG_CXX_LANGUAGE_STANDARD = "gnu++20";
				CLANG_ENABLE_MODULES = YES;
				CLANG_ENABLE_OBJC_ARC = YES;
				CLANG_ENABLE_OBJC_WEAK = YES;
				CLANG_WARN_BLOCK_CAPTURE_AUTORELEASING = YES;
				CLANG_WARN_BOOL_CONVERSION = YES;
				CLANG_WARN_COMMA = YES;
				CLANG_WARN_CONSTANT_CONVERSION = YES;
				CLANG_WARN_DEPRECATED_OBJC_IMPLEMENTATIONS = YES;
				CLANG_WARN_DIRECT_OBJC_ISA_USAGE = YES_ERROR;
				CLANG_WARN_DOCUMENTATION_COMMENTS = YES;
				CLANG_WARN_EMPTY_BODY = YES;
				CLANG_WARN_ENUM_CONVERSION = YES;
				CLANG_WARN_INFINITE_RECURSION = YES;
				CLANG_WARN_INT_CONVERSION = YES;
				CLANG_WARN_NON_LITERAL_NULL_CONVERSION = YES;
				CLANG_WARN_OBJC_IMPLICIT_RETAIN_SELF = YES;
				CLANG_WARN_OBJC_LITERAL_CONVERSION = YES;
				CLANG_WARN_OBJC_ROOT_CLASS = YES_ERROR;
				CLANG_WARN_QUOTED_INCLUDE_IN_FRAMEWORK_HEADER = YES;
				CLANG_WARN_RANGE_LOOP_ANALYSIS = YES;
				CLANG_WARN_STRICT_PROTOTYPES = YES;
				CLANG_WARN_SUSPICIOUS_MOVE = YES;
				CLANG_WARN_UNGUARDED_AVAILABILITY = YES_AGGRESSIVE;
				CLANG_WARN_UNREACHABLE_CODE = YES;
				CLANG_WARN__DUPLICATE_METHOD_MATCH = YES;
				COPY_PHASE_STRIP = NO;
				DEBUG_INFORMATION_FORMAT = dwarf;
				ENABLE_STRICT_OBJC_MSGSEND = YES;
				ENABLE_TESTABILITY = YES;
				ENABLE_USER_SCRIPT_SANDBOXING = YES;
				GCC_C_LANGUAGE_STANDARD = gnu17;
				GCC_DYNAMIC_NO_PIC = NO;
				GCC_NO_COMMON_BLOCKS = YES;
				GCC_OPTIMIZATION_LEVEL = 0;
				GCC_PREPROCESSOR_DEFINITIONS = (
					"DEBUG=1",
					"$(inherited)",
				);
				GCC_WARN_64_TO_32_BIT_CONVERSION = YES;
				GCC_WARN_ABOUT_RETURN_TYPE = YES_ERROR;
				GCC_WARN_UNDECLARED_SELECTOR = YES;
				GCC_WARN_UNINITIALIZED_AUTOS = YES_AGGRESSIVE;
				GCC_WARN_UNUSED_FUNCTION = YES;
				GCC_WARN_UNUSED_VARIABLE = YES;
				IPHONEOS_DEPLOYMENT_TARGET = 17.0;
				LOCALIZATION_PREFERS_STRING_CATALOGS = YES;
				MTL_ENABLE_DEBUG_INFO = INCLUDE_SOURCE;
				MTL_FAST_MATH = YES;
				ONLY_ACTIVE_ARCH = YES;
				SDKROOT = iphoneos;
				SWIFT_ACTIVE_COMPILATION_CONDITIONS = "DEBUG $(inherited)";
				SWIFT_OPTIMIZATION_LEVEL = "-Onone";
			};
			name = Debug;
		};
		9C9B6EE42B148F0C00CF6794 /* Release */ = {
			isa = XCBuildConfiguration;
			buildSettings = {
				ALWAYS_SEARCH_USER_PATHS = NO;
				ASSETCATALOG_COMPILER_GENERATE_SWIFT_ASSET_SYMBOL_EXTENSIONS = YES;
				CLANG_ANALYZER_NONNULL = YES;
				CLANG_ANALYZER_NUMBER_OBJECT_CONVERSION = YES_AGGRESSIVE;
				CLANG_CXX_LANGUAGE_STANDARD = "gnu++20";
				CLANG_ENABLE_MODULES = YES;
				CLANG_ENABLE_OBJC_ARC = YES;
				CLANG_ENABLE_OBJC_WEAK = YES;
				CLANG_WARN_BLOCK_CAPTURE_AUTORELEASING = YES;
				CLANG_WARN_BOOL_CONVERSION = YES;
				CLANG_WARN_COMMA = YES;
				CLANG_WARN_CONSTANT_CONVERSION = YES;
				CLANG_WARN_DEPRECATED_OBJC_IMPLEMENTATIONS = YES;
				CLANG_WARN_DIRECT_OBJC_ISA_USAGE = YES_ERROR;
				CLANG_WARN_DOCUMENTATION_COMMENTS = YES;
				CLANG_WARN_EMPTY_BODY = YES;
				CLANG_WARN_ENUM_CONVERSION = YES;
				CLANG_WARN_INFINITE_RECURSION = YES;
				CLANG_WARN_INT_CONVERSION = YES;
				CLANG_WARN_NON_LITERAL_NULL_CONVERSION = YES;
				CLANG_WARN_OBJC_IMPLICIT_RETAIN_SELF = YES;
				CLANG_WARN_OBJC_LITERAL_CONVERSION = YES;
				CLANG_WARN_OBJC_ROOT_CLASS = YES_ERROR;
				CLANG_WARN_QUOTED_INCLUDE_IN_FRAMEWORK_HEADER = YES;
				CLANG_WARN_RANGE_LOOP_ANALYSIS = YES;
				CLANG_WARN_STRICT_PROTOTYPES = YES;
				CLANG_WARN_SUSPICIOUS_MOVE = YES;
				CLANG_WARN_UNGUARDED_AVAILABILITY = YES_AGGRESSIVE;
				CLANG_WARN_UNREACHABLE_CODE = YES;
				CLANG_WARN__DUPLICATE_METHOD_MATCH = YES;
				COPY_PHASE_STRIP = NO;
				DEBUG_INFORMATION_FORMAT = "dwarf-with-dsym";
				ENABLE_NS_ASSERTIONS = NO;
				ENABLE_STRICT_OBJC_MSGSEND = YES;
				ENABLE_USER_SCRIPT_SANDBOXING = YES;
				GCC_C_LANGUAGE_STANDARD = gnu17;
				GCC_NO_COMMON_BLOCKS = YES;
				GCC_WARN_64_TO_32_BIT_CONVERSION = YES;
				GCC_WARN_ABOUT_RETURN_TYPE = YES_ERROR;
				GCC_WARN_UNDECLARED_SELECTOR = YES;
				GCC_WARN_UNINITIALIZED_AUTOS = YES_AGGRESSIVE;
				GCC_WARN_UNUSED_FUNCTION = YES;
				GCC_WARN_UNUSED_VARIABLE = YES;
				IPHONEOS_DEPLOYMENT_TARGET = 17.0;
				LOCALIZATION_PREFERS_STRING_CATALOGS = YES;
				MTL_ENABLE_DEBUG_INFO = NO;
				MTL_FAST_MATH = YES;
				SDKROOT = iphoneos;
				SWIFT_COMPILATION_MODE = wholemodule;
				VALIDATE_PRODUCT = YES;
			};
			name = Release;
		};
		9C9B6EE62B148F0C00CF6794 /* Debug */ = {
			isa = XCBuildConfiguration;
			buildSettings = {
				ASSETCATALOG_COMPILER_APPICON_NAME = AppIcon;
				ASSETCATALOG_COMPILER_GLOBAL_ACCENT_COLOR_NAME = AccentColor;
				CODE_SIGN_STYLE = Automatic;
				CURRENT_PROJECT_VERSION = 1;
				DEVELOPMENT_TEAM = NJPBU9N55Q;
				GENERATE_INFOPLIST_FILE = YES;
				INFOPLIST_FILE = loopPratice/Info.plist;
				INFOPLIST_KEY_UIApplicationSupportsIndirectInputEvents = YES;
				INFOPLIST_KEY_UILaunchStoryboardName = LaunchScreen;
				INFOPLIST_KEY_UIMainStoryboardFile = Main;
				INFOPLIST_KEY_UISupportedInterfaceOrientations_iPad = "UIInterfaceOrientationPortrait UIInterfaceOrientationPortraitUpsideDown UIInterfaceOrientationLandscapeLeft UIInterfaceOrientationLandscapeRight";
				INFOPLIST_KEY_UISupportedInterfaceOrientations_iPhone = "UIInterfaceOrientationPortrait UIInterfaceOrientationLandscapeLeft UIInterfaceOrientationLandscapeRight";
				LD_RUNPATH_SEARCH_PATHS = (
					"$(inherited)",
					"@executable_path/Frameworks",
				);
				MARKETING_VERSION = 1.0;
				PRODUCT_BUNDLE_IDENTIFIER = Demo.loopPratice;
				PRODUCT_NAME = "$(TARGET_NAME)";
				SWIFT_EMIT_LOC_STRINGS = YES;
				SWIFT_VERSION = 5.0;
				TARGETED_DEVICE_FAMILY = "1,2";
			};
			name = Debug;
		};
		9C9B6EE72B148F0C00CF6794 /* Release */ = {
			isa = XCBuildConfiguration;
			buildSettings = {
				ASSETCATALOG_COMPILER_APPICON_NAME = AppIcon;
				ASSETCATALOG_COMPILER_GLOBAL_ACCENT_COLOR_NAME = AccentColor;
				CODE_SIGN_STYLE = Automatic;
				CURRENT_PROJECT_VERSION = 1;
				DEVELOPMENT_TEAM = NJPBU9N55Q;
				GENERATE_INFOPLIST_FILE = YES;
				INFOPLIST_FILE = loopPratice/Info.plist;
				INFOPLIST_KEY_UIApplicationSupportsIndirectInputEvents = YES;
				INFOPLIST_KEY_UILaunchStoryboardName = LaunchScreen;
				INFOPLIST_KEY_UIMainStoryboardFile = Main;
				INFOPLIST_KEY_UISupportedInterfaceOrientations_iPad = "UIInterfaceOrientationPortrait UIInterfaceOrientationPortraitUpsideDown UIInterfaceOrientationLandscapeLeft UIInterfaceOrientationLandscapeRight";
				INFOPLIST_KEY_UISupportedInterfaceOrientations_iPhone = "UIInterfaceOrientationPortrait UIInterfaceOrientationLandscapeLeft UIInterfaceOrientationLandscapeRight";
				LD_RUNPATH_SEARCH_PATHS = (
					"$(inherited)",
					"@executable_path/Frameworks",
				);
				MARKETING_VERSION = 1.0;
				PRODUCT_BUNDLE_IDENTIFIER = Demo.loopPratice;
				PRODUCT_NAME = "$(TARGET_NAME)";
				SWIFT_EMIT_LOC_STRINGS = YES;
				SWIFT_VERSION = 5.0;
				TARGETED_DEVICE_FAMILY = "1,2";
			};
			name = Release;
		};
/* End XCBuildConfiguration section */

/* Begin XCConfigurationList section */
		9C9B6ECC2B148F0A00CF6794 /* Build configuration list for PBXProject "loopPratice" */ = {
			isa = XCConfigurationList;
			buildConfigurations = (
				9C9B6EE32B148F0C00CF6794 /* Debug */,
				9C9B6EE42B148F0C00CF6794 /* Release */,
			);
			defaultConfigurationIsVisible = 0;
			defaultConfigurationName = Release;
		};
		9C9B6EE52B148F0C00CF6794 /* Build configuration list for PBXNativeTarget "loopPratice" */ = {
			isa = XCConfigurationList;
			buildConfigurations = (
				9C9B6EE62B148F0C00CF6794 /* Debug */,
				9C9B6EE72B148F0C00CF6794 /* Release */,
			);
			defaultConfigurationIsVisible = 0;
			defaultConfigurationName = Release;
		};
/* End XCConfigurationList section */
	};
	rootObject = 9C9B6EC92B148F0A00CF6794 /* Project object */;
}
